
Microsoft Visual Studio Solution File, Format Version 12.00
# Visual Studio Version 17
VisualStudioVersion = 17.1.32328.378
MinimumVisualStudioVersion = 10.0.40219.1
Project("{8BC9CEB8-8B4A-11D0-8D11-00A0C91BC942}") = "Task 8 Sorting Algorithms", "Task 8 Sorting Algorithms\Task 8 Sorting Algorithms.vcxproj", "{EAF04BB5-DC35-4D5A-9DD7-5DBC9B9D8CC2}"
EndProject
Global
	GlobalSection(SolutionConfigurationPlatforms) = preSolution
		Debug|x64 = Debug|x64
		Debug|x86 = Debug|x86
		Release|x64 = Release|x64
		Release|x86 = Release|x86
	EndGlobalSection
	GlobalSection(ProjectConfigurationPlatforms) = postSolution
		{EAF04BB5-DC35-4D5A-9DD7-5DBC9B9D8CC2}.Debug|x64.ActiveCfg = Debug|x64
		{EAF04BB5-DC35-4D5A-9DD7-5DBC9B9D8CC2}.Debug|x64.Build.0 = Debug|x64
		{EAF04BB5-DC35-4D5A-9DD7-5DBC9B9D8CC2}.Debug|x86.ActiveCfg = Debug|Win32
		{EAF04BB5-DC35-4D5A-9DD7-5DBC9B9D8CC2}.Debug|x86.Build.0 = Debug|Win32
		{EAF04BB5-DC35-4D5A-9DD7-5DBC9B9D8CC2}.Release|x64.ActiveCfg = Release|x64
		{EAF04BB5-DC35-4D5A-9DD7-5DBC9B9D8CC2}.Release|x64.Build.0 = Release|x64
		{EAF04BB5-DC35-4D5A-9DD7-5DBC9B9D8CC2}.Release|x86.ActiveCfg = Release|Win32
		{EAF04BB5-DC35-4D5A-9DD7-5DBC9B9D8CC2}.Release|x86.Build.0 = Release|Win32
	EndGlobalSection
	GlobalSection(SolutionProperties) = preSolution
		HideSolutionNode = FALSE
	EndGlobalSection
	GlobalSection(ExtensibilityGlobals) = postSolution
		SolutionGuid = {8FF69094-F7A8-43B2-BE9D-1755BB7784D1}
	EndGlobalSection
EndGlobal
